{
  "name": "react-native-cached-image",
  "version": "1.4.3",
  "lockfileVersion": 1,
  "requires": true,
  "dependencies": {
    "@react-native-community/netinfo": {
      "version": "4.0.0",
      "resolved": "https://registry.npmjs.org/@react-native-community/netinfo/-/netinfo-4.0.0.tgz",
      "integrity": "sha512-jpeSQF4hb4fRI03uMmAwXyuObn+AdbL01zGQiUIcR9EDo+eu/q8tc4Z2kuxv2uTCfj+r/fptrElZDLd/ybMzuQ=="
    }
  }
}
