# THIS IS AN AUTOGENERATED FILE. DO NOT EDIT THIS FILE DIRECTLY.
# yarn lockfile v1


base-64@^0.1.0:
  version "0.1.0"
  resolved "https://registry.yarnpkg.com/base-64/-/base-64-0.1.0.tgz#780a99c84e7d600260361511c4877613bf24f6bb"

crypto-js@3.1.6:
  version "3.1.6"
  resolved "https://registry.yarnpkg.com/crypto-js/-/crypto-js-3.1.6.tgz#6142651b232dbb8ebdfa9716a70a2888359da6c9"

lodash@4.17.2:
  version "4.17.2"
  resolved "https://registry.yarnpkg.com/lodash/-/lodash-4.17.2.tgz#34a3055babe04ce42467b607d700072c7ff6bf42"

querystringify@0.0.x:
  version "0.0.4"
  resolved "https://registry.yarnpkg.com/querystringify/-/querystringify-0.0.4.tgz#0cf7f84f9463ff0ae51c4c4b142d95be37724d9c"

react-native-fs@2.0.1-rc.2:
  version "2.0.1-rc.2"
  resolved "https://registry.yarnpkg.com/react-native-fs/-/react-native-fs-2.0.1-rc.2.tgz#e7e00b1d5c48c52c4ca8cd76b4ea62440ae54082"
  dependencies:
    base-64 "^0.1.0"
    utf8 "^2.1.1"

requires-port@1.0.x:
  version "1.0.0"
  resolved "https://registry.yarnpkg.com/requires-port/-/requires-port-1.0.0.tgz#925d2601d39ac485e091cf0da5c6e694dc3dcaff"

url-parse@1.1.1:
  version "1.1.1"
  resolved "https://registry.yarnpkg.com/url-parse/-/url-parse-1.1.1.tgz#d1507970728c9a5f80f471530c57325c3fb0e868"
  dependencies:
    querystringify "0.0.x"
    requires-port "1.0.x"

utf8@^2.1.1:
  version "2.1.2"
  resolved "https://registry.yarnpkg.com/utf8/-/utf8-2.1.2.tgz#1fa0d9270e9be850d9b05027f63519bf46457d96"
